
Microsoft Visual Studio Solution File, Format Version 12.00
# Visual Studio 15
VisualStudioVersion = 15.0.27703.2026
MinimumVisualStudioVersion = 10.0.40219.1
Project("{FAE04EC0-301F-11D3-BF4B-00C04F79EFBC}") = "Id3Cleaner", "Id3Cleaner\Id3Cleaner.csproj", "{DB350982-C72B-4EF7-AF22-0004CE10B215}"
EndProject
Project("{FAE04EC0-301F-11D3-BF4B-00C04F79EFBC}") = "Id3CleanerUnittests", "Id3CleanerUnittests\Id3CleanerUnittests.csproj", "{A1F21608-60A0-4DDE-8CD0-6DDEAEADA24A}"
EndProject
Global
	GlobalSection(SolutionConfigurationPlatforms) = preSolution
		Debug|Any CPU = Debug|Any CPU
		Release|Any CPU = Release|Any CPU
	EndGlobalSection
	GlobalSection(ProjectConfigurationPlatforms) = postSolution
		{DB350982-C72B-4EF7-AF22-0004CE10B215}.Debug|Any CPU.ActiveCfg = Debug|Any CPU
		{DB350982-C72B-4EF7-AF22-0004CE10B215}.Debug|Any CPU.Build.0 = Debug|Any CPU
		{DB350982-C72B-4EF7-AF22-0004CE10B215}.Release|Any CPU.ActiveCfg = Release|Any CPU
		{DB350982-C72B-4EF7-AF22-0004CE10B215}.Release|Any CPU.Build.0 = Release|Any CPU
		{A1F21608-60A0-4DDE-8CD0-6DDEAEADA24A}.Debug|Any CPU.ActiveCfg = Debug|Any CPU
		{A1F21608-60A0-4DDE-8CD0-6DDEAEADA24A}.Debug|Any CPU.Build.0 = Debug|Any CPU
		{A1F21608-60A0-4DDE-8CD0-6DDEAEADA24A}.Release|Any CPU.ActiveCfg = Release|Any CPU
		{A1F21608-60A0-4DDE-8CD0-6DDEAEADA24A}.Release|Any CPU.Build.0 = Release|Any CPU
	EndGlobalSection
	GlobalSection(SolutionProperties) = preSolution
		HideSolutionNode = FALSE
	EndGlobalSection
	GlobalSection(ExtensibilityGlobals) = postSolution
		SolutionGuid = {9B225B87-7F57-414E-9626-3459BD3B9E8B}
	EndGlobalSection
EndGlobal
